// !$*UTF8*$!
{
	archiveVersion = 1;
	classes = {
	};
	objectVersion = 50;
	objects = {

/* Begin PBXBuildFile section */
		F0906A8023CB8BA6004A5E8C /* AppDelegate.swift in Sources */ = {isa = PBXBuildFile; fileRef = F0906A7F23CB8BA6004A5E8C /* AppDelegate.swift */; };
		F0906A8223CB8BA6004A5E8C /* SceneDelegate.swift in Sources */ = {isa = PBXBuildFile; fileRef = F0906A8123CB8BA6004A5E8C /* SceneDelegate.swift */; };
		F0906A8423CB8BA6004A5E8C /* ViewController.swift in Sources */ = {isa = PBXBuildFile; fileRef = F0906A8323CB8BA6004A5E8C /* ViewController.swift */; };
		F0906A8723CB8BA6004A5E8C /* Main.storyboard in Resources */ = {isa = PBXBuildFile; fileRef = F0906A8523CB8BA6004A5E8C /* Main.storyboard */; };
		F0906A8923CB8BAA004A5E8C /* Assets.xcassets in Resources */ = {isa = PBXBuildFile; fileRef = F0906A8823CB8BAA004A5E8C /* Assets.xcassets */; };
		F0906A8C23CB8BAA004A5E8C /* LaunchScreen.storyboard in Resources */ = {isa = PBXBuildFile; fileRef = F0906A8A23CB8BAA004A5E8C /* LaunchScreen.storyboard */; };
/* End PBXBuildFile section */

/* Begin PBXFileReference section */
		F0906A7C23CB8BA6004A5E8C /* WebinarLayout2020.app */ = {isa = PBXFileReference; explicitFileType = wrapper.application; includeInIndex = 0; path = WebinarLayout2020.app; sourceTree = BUILT_PRODUCTS_DIR; };
		F0906A7F23CB8BA6004A5E8C /* AppDelegate.swift */ = {isa = PBXFileReference; lastKnownFileType = sourcecode.swift; path = AppDelegate.swift; sourceTree = "<group>"; };
		F0906A8123CB8BA6004A5E8C /* SceneDelegate.swift */ = {isa = PBXFileReference; lastKnownFileType = sourcecode.swift; path = SceneDelegate.swift; sourceTree = "<group>"; };
		F0906A8323CB8BA6004A5E8C /* ViewController.swift */ = {isa = PBXFileReference; lastKnownFileType = sourcecode.swift; path = ViewController.swift; sourceTree = "<group>"; };
		F0906A8623CB8BA6004A5E8C /* Base */ = {isa = PBXFileReference; lastKnownFileType = file.storyboard; name = Base; path = Base.lproj/Main.storyboard; sourceTree = "<group>"; };
		F0906A8823CB8BAA004A5E8C /* Assets.xcassets */ = {isa = PBXFileReference; lastKnownFileType = folder.assetcatalog; path = Assets.xcassets; sourceTree = "<group>"; };
		F0906A8B23CB8BAA004A5E8C /* Base */ = {isa = PBXFileReference; lastKnownFileType = file.storyboard; name = Base; path = Base.lproj/LaunchScreen.storyboard; sourceTree = "<group>"; };
		F0906A8D23CB8BAA004A5E8C /* Info.plist */ = {isa = PBXFileReference; lastKnownFileType = text.plist.xml; path = Info.plist; sourceTree = "<group>"; };
/* End PBXFileReference section */

/* Begin PBXFrameworksBuildPhase section */
		F0906A7923CB8BA6004A5E8C /* Frameworks */ = {
			isa = PBXFrameworksBuildPhase;
			buildActionMask = 2147483647;
			files = (
			);
			runOnlyForDeploymentPostprocessing = 0;
		};
/* End PBXFrameworksBuildPhase section */

/* Begin PBXGroup section */
		F0906A7323CB8BA6004A5E8C = {
			isa = PBXGroup;
			children = (
				F0906A7E23CB8BA6004A5E8C /* WebinarLayout2020 */,
				F0906A7D23CB8BA6004A5E8C /* Products */,
			);
			sourceTree = "<group>";
		};
		F0906A7D23CB8BA6004A5E8C /* Products */ = {
			isa = PBXGroup;
			children = (
				F0906A7C23CB8BA6004A5E8C /* WebinarLayout2020.app */,
			);
			name = Products;
			sourceTree = "<group>";
		};
		F0906A7E23CB8BA6004A5E8C /* WebinarLayout2020 */ = {
			isa = PBXGroup;
			children = (
				F0906A7F23CB8BA6004A5E8C /* AppDelegate.swift */,
				F0906A8123CB8BA6004A5E8C /* SceneDelegate.swift */,
				F0906A8323CB8BA6004A5E8C /* ViewController.swift */,
				F0906A8523CB8BA6004A5E8C /* Main.storyboard */,
				F0906A8823CB8BAA004A5E8C /* Assets.xcassets */,
				F0906A8A23CB8BAA004A5E8C /* LaunchScreen.storyboard */,
				F0906A8D23CB8BAA004A5E8C /* Info.plist */,
			);
			path = WebinarLayout2020;
			sourceTree = "<group>";
		};
/* End PBXGroup section */

/* Begin PBXNativeTarget section */
		F0906A7B23CB8BA6004A5E8C /* WebinarLayout2020 */ = {
			isa = PBXNativeTarget;
			buildConfigurationList = F0906A9023CB8BAA004A5E8C /* Build configuration list for PBXNativeTarget "WebinarLayout2020" */;
			buildPhases = (
				F0906A7823CB8BA6004A5E8C /* Sources */,
				F0906A7923CB8BA6004A5E8C /* Frameworks */,
				F0906A7A23CB8BA6004A5E8C /* Resources */,
			);
			buildRules = (
			);
			dependencies = (
			);
			name = WebinarLayout2020;
			productName = WebinarLayout2020;
			productReference = F0906A7C23CB8BA6004A5E8C /* WebinarLayout2020.app */;
			productType = "com.apple.product-type.application";
		};
/* End PBXNativeTarget section */

/* Begin PBXProject section */
		F0906A7423CB8BA6004A5E8C /* Project object */ = {
			isa = PBXProject;
			attributes = {
				LastSwiftUpdateCheck = 1120;
				LastUpgradeCheck = 1120;
				ORGANIZATIONNAME = "Алексей Пархоменко";
				TargetAttributes = {
					F0906A7B23CB8BA6004A5E8C = {
						CreatedOnToolsVersion = 11.2.1;
					};
				};
			};
			buildConfigurationList = F0906A7723CB8BA6004A5E8C /* Build configuration list for PBXProject "WebinarLayout2020" */;
			compatibilityVersion = "Xcode 9.3";
			developmentRegion = en;
			hasScannedForEncodings = 0;
			knownRegions = (
				en,
				Base,
			);
			mainGroup = F0906A7323CB8BA6004A5E8C;
			productRefGroup = F0906A7D23CB8BA6004A5E8C /* Products */;
			projectDirPath = "";
			projectRoot = "";
			targets = (
				F0906A7B23CB8BA6004A5E8C /* WebinarLayout2020 */,
			);
		};
/* End PBXProject section */

/* Begin PBXResourcesBuildPhase section */
		F0906A7A23CB8BA6004A5E8C /* Resources */ = {
			isa = PBXResourcesBuildPhase;
			buildActionMask = 2147483647;
			files = (
				F0906A8C23CB8BAA004A5E8C /* LaunchScreen.storyboard in Resources */,
				F0906A8923CB8BAA004A5E8C /* Assets.xcassets in Resources */,
				F0906A8723CB8BA6004A5E8C /* Main.storyboard in Resources */,
			);
			runOnlyForDeploymentPostprocessing = 0;
		};
/* End PBXResourcesBuildPhase section */

/* Begin PBXSourcesBuildPhase section */
		F0906A7823CB8BA6004A5E8C /* Sources */ = {
			isa = PBXSourcesBuildPhase;
			buildActionMask = 2147483647;
			files = (
				F0906A8423CB8BA6004A5E8C /* ViewController.swift in Sources */,
				F0906A8023CB8BA6004A5E8C /* AppDelegate.swift in Sources */,
				F0906A8223CB8BA6004A5E8C /* SceneDelegate.swift in Sources */,
			);
			runOnlyForDeploymentPostprocessing = 0;
		};
/* End PBXSourcesBuildPhase section */

/* Begin PBXVariantGroup section */
		F0906A8523CB8BA6004A5E8C /* Main.storyboard */ = {
			isa = PBXVariantGroup;
			children = (
				F0906A8623CB8BA6004A5E8C /* Base */,
			);
			name = Main.storyboard;
			sourceTree = "<group>";
		};
		F0906A8A23CB8BAA004A5E8C /* LaunchScreen.storyboard */ = {
			isa = PBXVariantGroup;
			children = (
				F0906A8B23CB8BAA004A5E8C /* Base */,
			);
			name = LaunchScreen.storyboard;
			sourceTree = "<group>";
		};
/* End PBXVariantGroup section */

/* Begin XCBuildConfiguration section */
		F0906A8E23CB8BAA004A5E8C /* Debug */ = {
			isa = XCBuildConfiguration;
			buildSettings = {
				ALWAYS_SEARCH_USER_PATHS = NO;
				CLANG_ANALYZER_NONNULL = YES;
				CLANG_ANALYZER_NUMBER_OBJECT_CONVERSION = YES_AGGRESSIVE;
				CLANG_CXX_LANGUAGE_STANDARD = "gnu++14";
				CLANG_CXX_LIBRARY = "libc++";
				CLANG_ENABLE_MODULES = YES;
				CLANG_ENABLE_OBJC_ARC = YES;
				CLANG_ENABLE_OBJC_WEAK = YES;
				CLANG_WARN_BLOCK_CAPTURE_AUTORELEASING = YES;
				CLANG_WARN_BOOL_CONVERSION = YES;
				CLANG_WARN_COMMA = YES;
				CLANG_WARN_CONSTANT_CONVERSION = YES;
				CLANG_WARN_DEPRECATED_OBJC_IMPLEMENTATIONS = YES;
				CLANG_WARN_DIRECT_OBJC_ISA_USAGE = YES_ERROR;
				CLANG_WARN_DOCUMENTATION_COMMENTS = YES;
				CLANG_WARN_EMPTY_BODY = YES;
				CLANG_WARN_ENUM_CONVERSION = YES;
				CLANG_WARN_INFINITE_RECURSION = YES;
				CLANG_WARN_INT_CONVERSION = YES;
				CLANG_WARN_NON_LITERAL_NULL_CONVERSION = YES;
				CLANG_WARN_OBJC_IMPLICIT_RETAIN_SELF = YES;
				CLANG_WARN_OBJC_LITERAL_CONVERSION = YES;
				CLANG_WARN_OBJC_ROOT_CLASS = YES_ERROR;
				CLANG_WARN_RANGE_LOOP_ANALYSIS = YES;
				CLANG_WARN_STRICT_PROTOTYPES = YES;
				CLANG_WARN_SUSPICIOUS_MOVE = YES;
				CLANG_WARN_UNGUARDED_AVAILABILITY = YES_AGGRESSIVE;
				CLANG_WARN_UNREACHABLE_CODE = YES;
				CLANG_WARN__DUPLICATE_METHOD_MATCH = YES;
				COPY_PHASE_STRIP = NO;
				DEBUG_INFORMATION_FORMAT = dwarf;
				ENABLE_STRICT_OBJC_MSGSEND = YES;
				ENABLE_TESTABILITY = YES;
				GCC_C_LANGUAGE_STANDARD = gnu11;
				GCC_DYNAMIC_NO_PIC = NO;
				GCC_NO_COMMON_BLOCKS = YES;
				GCC_OPTIMIZATION_LEVEL = 0;
				GCC_PREPROCESSOR_DEFINITIONS = (
					"DEBUG=1",
					"$(inherited)",
				);
				GCC_WARN_64_TO_32_BIT_CONVERSION = YES;
				GCC_WARN_ABOUT_RETURN_TYPE = YES_ERROR;
				GCC_WARN_UNDECLARED_SELECTOR = YES;
				GCC_WARN_UNINITIALIZED_AUTOS = YES_AGGRESSIVE;
				GCC_WARN_UNUSED_FUNCTION = YES;
				GCC_WARN_UNUSED_VARIABLE = YES;
				IPHONEOS_DEPLOYMENT_TARGET = 13.2;
				MTL_ENABLE_DEBUG_INFO = INCLUDE_SOURCE;
				MTL_FAST_MATH = YES;
				ONLY_ACTIVE_ARCH = YES;
				SDKROOT = iphoneos;
				SWIFT_ACTIVE_COMPILATION_CONDITIONS = DEBUG;
				SWIFT_OPTIMIZATION_LEVEL = "-Onone";
			};
			name = Debug;
		};
		F0906A8F23CB8BAA004A5E8C /* Release */ = {
			isa = XCBuildConfiguration;
			buildSettings = {
				ALWAYS_SEARCH_USER_PATHS = NO;
				CLANG_ANALYZER_NONNULL = YES;
				CLANG_ANALYZER_NUMBER_OBJECT_CONVERSION = YES_AGGRESSIVE;
				CLANG_CXX_LANGUAGE_STANDARD = "gnu++14";
				CLANG_CXX_LIBRARY = "libc++";
				CLANG_ENABLE_MODULES = YES;
				CLANG_ENABLE_OBJC_ARC = YES;
				CLANG_ENABLE_OBJC_WEAK = YES;
				CLANG_WARN_BLOCK_CAPTURE_AUTORELEASING = YES;
				CLANG_WARN_BOOL_CONVERSION = YES;
				CLANG_WARN_COMMA = YES;
				CLANG_WARN_CONSTANT_CONVERSION = YES;
				CLANG_WARN_DEPRECATED_OBJC_IMPLEMENTATIONS = YES;
				CLANG_WARN_DIRECT_OBJC_ISA_USAGE = YES_ERROR;
				CLANG_WARN_DOCUMENTATION_COMMENTS = YES;
				CLANG_WARN_EMPTY_BODY = YES;
				CLANG_WARN_ENUM_CONVERSION = YES;
				CLANG_WARN_INFINITE_RECURSION = YES;
				CLANG_WARN_INT_CONVERSION = YES;
				CLANG_WARN_NON_LITERAL_NULL_CONVERSION = YES;
				CLANG_WARN_OBJC_IMPLICIT_RETAIN_SELF = YES;
				CLANG_WARN_OBJC_LITERAL_CONVERSION = YES;
				CLANG_WARN_OBJC_ROOT_CLASS = YES_ERROR;
				CLANG_WARN_RANGE_LOOP_ANALYSIS = YES;
				CLANG_WARN_STRICT_PROTOTYPES = YES;
				CLANG_WARN_SUSPICIOUS_MOVE = YES;
				CLANG_WARN_UNGUARDED_AVAILABILITY = YES_AGGRESSIVE;
				CLANG_WARN_UNREACHABLE_CODE = YES;
				CLANG_WARN__DUPLICATE_METHOD_MATCH = YES;
				COPY_PHASE_STRIP = NO;
				DEBUG_INFORMATION_FORMAT = "dwarf-with-dsym";
				ENABLE_NS_ASSERTIONS = NO;
				ENABLE_STRICT_OBJC_MSGSEND = YES;
				GCC_C_LANGUAGE_STANDARD = gnu11;
				GCC_NO_COMMON_BLOCKS = YES;
				GCC_WARN_64_TO_32_BIT_CONVERSION = YES;
				GCC_WARN_ABOUT_RETURN_TYPE = YES_ERROR;
				GCC_WARN_UNDECLARED_SELECTOR = YES;
				GCC_WARN_UNINITIALIZED_AUTOS = YES_AGGRESSIVE;
				GCC_WARN_UNUSED_FUNCTION = YES;
				GCC_WARN_UNUSED_VARIABLE = YES;
				IPHONEOS_DEPLOYMENT_TARGET = 13.2;
				MTL_ENABLE_DEBUG_INFO = NO;
				MTL_FAST_MATH = YES;
				SDKROOT = iphoneos;
				SWIFT_COMPILATION_MODE = wholemodule;
				SWIFT_OPTIMIZATION_LEVEL = "-O";
				VALIDATE_PRODUCT = YES;
			};
			name = Release;
		};
		F0906A9123CB8BAA004A5E8C /* Debug */ = {
			isa = XCBuildConfiguration;
			buildSettings = {
				ASSETCATALOG_COMPILER_APPICON_NAME = AppIcon;
				CODE_SIGN_STYLE = Automatic;
				DEVELOPMENT_TEAM = TSZQ4D456H;
				INFOPLIST_FILE = WebinarLayout2020/Info.plist;
				LD_RUNPATH_SEARCH_PATHS = (
					"$(inherited)",
					"@executable_path/Frameworks",
				);
				PRODUCT_BUNDLE_IDENTIFIER = com.alexeyParkhomenko.WebinarLayout2020;
				PRODUCT_NAME = "$(TARGET_NAME)";
				SWIFT_VERSION = 5.0;
				TARGETED_DEVICE_FAMILY = "1,2";
			};
			name = Debug;
		};
		F0906A9223CB8BAA004A5E8C /* Release */ = {
			isa = XCBuildConfiguration;
			buildSettings = {
				ASSETCATALOG_COMPILER_APPICON_NAME = AppIcon;
				CODE_SIGN_STYLE = Automatic;
				DEVELOPMENT_TEAM = TSZQ4D456H;
				INFOPLIST_FILE = WebinarLayout2020/Info.plist;
				LD_RUNPATH_SEARCH_PATHS = (
					"$(inherited)",
					"@executable_path/Frameworks",
				);
				PRODUCT_BUNDLE_IDENTIFIER = com.alexeyParkhomenko.WebinarLayout2020;
				PRODUCT_NAME = "$(TARGET_NAME)";
				SWIFT_VERSION = 5.0;
				TARGETED_DEVICE_FAMILY = "1,2";
			};
			name = Release;
		};
/* End XCBuildConfiguration section */

/* Begin XCConfigurationList section */
		F0906A7723CB8BA6004A5E8C /* Build configuration list for PBXProject "WebinarLayout2020" */ = {
			isa = XCConfigurationList;
			buildConfigurations = (
				F0906A8E23CB8BAA004A5E8C /* Debug */,
				F0906A8F23CB8BAA004A5E8C /* Release */,
			);
			defaultConfigurationIsVisible = 0;
			defaultConfigurationName = Release;
		};
		F0906A9023CB8BAA004A5E8C /* Build configuration list for PBXNativeTarget "WebinarLayout2020" */ = {
			isa = XCConfigurationList;
			buildConfigurations = (
				F0906A9123CB8BAA004A5E8C /* Debug */,
				F0906A9223CB8BAA004A5E8C /* Release */,
			);
			defaultConfigurationIsVisible = 0;
			defaultConfigurationName = Release;
		};
/* End XCConfigurationList section */
	};
	rootObject = F0906A7423CB8BA6004A5E8C /* Project object */;
}
